
Microsoft Visual Studio Solution File, Format Version 12.00
# Visual Studio Version 17
VisualStudioVersion = 17.9.34714.143
MinimumVisualStudioVersion = 10.0.40219.1
Project("{FAE04EC0-301F-11D3-BF4B-00C04F79EFBC}") = "Flows", "Flows\Flows.csproj", "{2FAF2BA1-E27F-4A39-B4CC-B9C49E746768}"
EndProject
Global
	GlobalSection(SolutionConfigurationPlatforms) = preSolution
		Debug|Any CPU = Debug|Any CPU
		Release|Any CPU = Release|Any CPU
	EndGlobalSection
	GlobalSection(ProjectConfigurationPlatforms) = postSolution
		{2FAF2BA1-E27F-4A39-B4CC-B9C49E746768}.Debug|Any CPU.ActiveCfg = Debug|Any CPU
		{2FAF2BA1-E27F-4A39-B4CC-B9C49E746768}.Debug|Any CPU.Build.0 = Debug|Any CPU
		{2FAF2BA1-E27F-4A39-B4CC-B9C49E746768}.Release|Any CPU.ActiveCfg = Release|Any CPU
		{2FAF2BA1-E27F-4A39-B4CC-B9C49E746768}.Release|Any CPU.Build.0 = Release|Any CPU
	EndGlobalSection
	GlobalSection(SolutionProperties) = preSolution
		HideSolutionNode = FALSE
	EndGlobalSection
	GlobalSection(ExtensibilityGlobals) = postSolution
		SolutionGuid = {396E2B78-4360-40D7-8593-658A374A24A9}
	EndGlobalSection
EndGlobal
